# This file is autogenerated, do not edit; changes may be undone by the next 'dep ensure'.


[[projects]]
  branch = "master"
  name = "github.com/wzshiming/winseq"
  packages = ["."]
  revision = "86bb6c3bf4f14840b999f90d210a603ececfad67"

[[projects]]
  branch = "master"
  name = "golang.org/x/crypto"
  packages = ["ssh/terminal"]
  revision = "c126467f60eb25f8f27e5a981f32a87e3965053f"

[[projects]]
  branch = "master"
  name = "golang.org/x/sys"
  packages = [
    "unix",
    "windows"
  ]
  revision = "ac767d655b305d4e9612f5f6e33120b9176c4ad4"

[[projects]]
  name = "gopkg.in/ffmt.v1"
  packages = ["."]
  revision = "d2d9e0c93db9a7d248a3887ff36d7efd3e921699"
  version = "v1.4.1"

[solve-meta]
  analyzer-name = "dep"
  analyzer-version = 1
  inputs-digest = "6fe9f203a1c48da81cd2e2378b794ab20f4c6a099af2bf4afe06d01cb3a6ae0f"
  solver-name = "gps-cdcl"
  solver-version = 1
